
Microsoft Visual Studio Solution File, Format Version 12.00
# Visual Studio Version 16
VisualStudioVersion = 16.0.31727.386
MinimumVisualStudioVersion = 10.0.40219.1
Project("{FAE04EC0-301F-11D3-BF4B-00C04F79EFBC}") = "PB d3 ex1", "PB d3 ex1\PB d3 ex1.csproj", "{7D646FD5-CEA3-457A-B21C-0E9A4AD0D591}"
EndProject
Global
	GlobalSection(SolutionConfigurationPlatforms) = preSolution
		Debug|Any CPU = Debug|Any CPU
		Release|Any CPU = Release|Any CPU
	EndGlobalSection
	GlobalSection(ProjectConfigurationPlatforms) = postSolution
		{7D646FD5-CEA3-457A-B21C-0E9A4AD0D591}.Debug|Any CPU.ActiveCfg = Debug|Any CPU
		{7D646FD5-CEA3-457A-B21C-0E9A4AD0D591}.Debug|Any CPU.Build.0 = Debug|Any CPU
		{7D646FD5-CEA3-457A-B21C-0E9A4AD0D591}.Release|Any CPU.ActiveCfg = Release|Any CPU
		{7D646FD5-CEA3-457A-B21C-0E9A4AD0D591}.Release|Any CPU.Build.0 = Release|Any CPU
	EndGlobalSection
	GlobalSection(SolutionProperties) = preSolution
		HideSolutionNode = FALSE
	EndGlobalSection
	GlobalSection(ExtensibilityGlobals) = postSolution
		SolutionGuid = {39327EDE-6A23-4BBA-B209-40D9E54B15EF}
	EndGlobalSection
EndGlobal
