
Microsoft Visual Studio Solution File, Format Version 12.00
# Visual Studio Version 16
VisualStudioVersion = 16.0.31727.386
MinimumVisualStudioVersion = 10.0.40219.1
Project("{FAE04EC0-301F-11D3-BF4B-00C04F79EFBC}") = "Nested cond ex5", "Nested cond ex5\Nested cond ex5.csproj", "{61803A4B-BEB7-4726-A8F7-610A0D631579}"
EndProject
Global
	GlobalSection(SolutionConfigurationPlatforms) = preSolution
		Debug|Any CPU = Debug|Any CPU
		Release|Any CPU = Release|Any CPU
	EndGlobalSection
	GlobalSection(ProjectConfigurationPlatforms) = postSolution
		{61803A4B-BEB7-4726-A8F7-610A0D631579}.Debug|Any CPU.ActiveCfg = Debug|Any CPU
		{61803A4B-BEB7-4726-A8F7-610A0D631579}.Debug|Any CPU.Build.0 = Debug|Any CPU
		{61803A4B-BEB7-4726-A8F7-610A0D631579}.Release|Any CPU.ActiveCfg = Release|Any CPU
		{61803A4B-BEB7-4726-A8F7-610A0D631579}.Release|Any CPU.Build.0 = Release|Any CPU
	EndGlobalSection
	GlobalSection(SolutionProperties) = preSolution
		HideSolutionNode = FALSE
	EndGlobalSection
	GlobalSection(ExtensibilityGlobals) = postSolution
		SolutionGuid = {6E1865B7-868A-4659-A692-C6AE21A94ECD}
	EndGlobalSection
EndGlobal
