
Microsoft Visual Studio Solution File, Format Version 12.00
# Visual Studio Version 16
VisualStudioVersion = 16.0.32630.194
MinimumVisualStudioVersion = 10.0.40219.1
Project("{FAE04EC0-301F-11D3-BF4B-00C04F79EFBC}") = "Vending Machine", "Vending Machine\Vending Machine.csproj", "{C0178BD5-E59F-46CF-A301-7B5B8898AD74}"
EndProject
Global
	GlobalSection(SolutionConfigurationPlatforms) = preSolution
		Debug|Any CPU = Debug|Any CPU
		Release|Any CPU = Release|Any CPU
	EndGlobalSection
	GlobalSection(ProjectConfigurationPlatforms) = postSolution
		{C0178BD5-E59F-46CF-A301-7B5B8898AD74}.Debug|Any CPU.ActiveCfg = Debug|Any CPU
		{C0178BD5-E59F-46CF-A301-7B5B8898AD74}.Debug|Any CPU.Build.0 = Debug|Any CPU
		{C0178BD5-E59F-46CF-A301-7B5B8898AD74}.Release|Any CPU.ActiveCfg = Release|Any CPU
		{C0178BD5-E59F-46CF-A301-7B5B8898AD74}.Release|Any CPU.Build.0 = Release|Any CPU
	EndGlobalSection
	GlobalSection(SolutionProperties) = preSolution
		HideSolutionNode = FALSE
	EndGlobalSection
	GlobalSection(ExtensibilityGlobals) = postSolution
		SolutionGuid = {3870A98B-6C45-493E-9503-C97BB99893C2}
	EndGlobalSection
EndGlobal
