
Microsoft Visual Studio Solution File, Format Version 12.00
# Visual Studio Version 16
VisualStudioVersion = 16.0.32630.194
MinimumVisualStudioVersion = 10.0.40219.1
Project("{FAE04EC0-301F-11D3-BF4B-00C04F79EFBC}") = "SoftuniASPNET", "SoftuniASPNET\SoftuniASPNET.csproj", "{50B55CF0-3B71-4A01-AB3F-CC17CAA32412}"
EndProject
Global
	GlobalSection(SolutionConfigurationPlatforms) = preSolution
		Debug|Any CPU = Debug|Any CPU
		Release|Any CPU = Release|Any CPU
	EndGlobalSection
	GlobalSection(ProjectConfigurationPlatforms) = postSolution
		{50B55CF0-3B71-4A01-AB3F-CC17CAA32412}.Debug|Any CPU.ActiveCfg = Debug|Any CPU
		{50B55CF0-3B71-4A01-AB3F-CC17CAA32412}.Debug|Any CPU.Build.0 = Debug|Any CPU
		{50B55CF0-3B71-4A01-AB3F-CC17CAA32412}.Release|Any CPU.ActiveCfg = Release|Any CPU
		{50B55CF0-3B71-4A01-AB3F-CC17CAA32412}.Release|Any CPU.Build.0 = Release|Any CPU
	EndGlobalSection
	GlobalSection(SolutionProperties) = preSolution
		HideSolutionNode = FALSE
	EndGlobalSection
	GlobalSection(ExtensibilityGlobals) = postSolution
		SolutionGuid = {1E928BA3-BE40-443E-A4E8-FAB585409DB1}
	EndGlobalSection
EndGlobal
