
Microsoft Visual Studio Solution File, Format Version 12.00
# Visual Studio Version 16
VisualStudioVersion = 16.0.32630.194
MinimumVisualStudioVersion = 10.0.40219.1
Project("{FAE04EC0-301F-11D3-BF4B-00C04F79EFBC}") = "Snowballs", "Snowballs\Snowballs.csproj", "{BEDAB6C4-9EBF-42DE-BD14-C6A2185291E2}"
EndProject
Global
	GlobalSection(SolutionConfigurationPlatforms) = preSolution
		Debug|Any CPU = Debug|Any CPU
		Release|Any CPU = Release|Any CPU
	EndGlobalSection
	GlobalSection(ProjectConfigurationPlatforms) = postSolution
		{BEDAB6C4-9EBF-42DE-BD14-C6A2185291E2}.Debug|Any CPU.ActiveCfg = Debug|Any CPU
		{BEDAB6C4-9EBF-42DE-BD14-C6A2185291E2}.Debug|Any CPU.Build.0 = Debug|Any CPU
		{BEDAB6C4-9EBF-42DE-BD14-C6A2185291E2}.Release|Any CPU.ActiveCfg = Release|Any CPU
		{BEDAB6C4-9EBF-42DE-BD14-C6A2185291E2}.Release|Any CPU.Build.0 = Release|Any CPU
	EndGlobalSection
	GlobalSection(SolutionProperties) = preSolution
		HideSolutionNode = FALSE
	EndGlobalSection
	GlobalSection(ExtensibilityGlobals) = postSolution
		SolutionGuid = {3854BAB3-7159-4C44-885B-A16209531297}
	EndGlobalSection
EndGlobal
