
Microsoft Visual Studio Solution File, Format Version 12.00
# Visual Studio Version 16
VisualStudioVersion = 16.0.32630.194
MinimumVisualStudioVersion = 10.0.40219.1
Project("{FAE04EC0-301F-11D3-BF4B-00C04F79EFBC}") = "Special Numbers (refactor)", "Special Numbers (refactor)\Special Numbers (refactor).csproj", "{D0133195-5D0C-4244-92BE-EE0C887A2237}"
EndProject
Global
	GlobalSection(SolutionConfigurationPlatforms) = preSolution
		Debug|Any CPU = Debug|Any CPU
		Release|Any CPU = Release|Any CPU
	EndGlobalSection
	GlobalSection(ProjectConfigurationPlatforms) = postSolution
		{D0133195-5D0C-4244-92BE-EE0C887A2237}.Debug|Any CPU.ActiveCfg = Debug|Any CPU
		{D0133195-5D0C-4244-92BE-EE0C887A2237}.Debug|Any CPU.Build.0 = Debug|Any CPU
		{D0133195-5D0C-4244-92BE-EE0C887A2237}.Release|Any CPU.ActiveCfg = Release|Any CPU
		{D0133195-5D0C-4244-92BE-EE0C887A2237}.Release|Any CPU.Build.0 = Release|Any CPU
	EndGlobalSection
	GlobalSection(SolutionProperties) = preSolution
		HideSolutionNode = FALSE
	EndGlobalSection
	GlobalSection(ExtensibilityGlobals) = postSolution
		SolutionGuid = {ECE88151-7250-4AFB-B1F9-D9E946D0FAE4}
	EndGlobalSection
EndGlobal
