
Microsoft Visual Studio Solution File, Format Version 12.00
# Visual Studio Version 16
VisualStudioVersion = 16.0.32630.194
MinimumVisualStudioVersion = 10.0.40219.1
Project("{FAE04EC0-301F-11D3-BF4B-00C04F79EFBC}") = "Day of Week", "Day of Week\Day of Week.csproj", "{70DB586B-0A86-49B0-AF5A-3B54508DDD95}"
EndProject
Global
	GlobalSection(SolutionConfigurationPlatforms) = preSolution
		Debug|Any CPU = Debug|Any CPU
		Release|Any CPU = Release|Any CPU
	EndGlobalSection
	GlobalSection(ProjectConfigurationPlatforms) = postSolution
		{70DB586B-0A86-49B0-AF5A-3B54508DDD95}.Debug|Any CPU.ActiveCfg = Debug|Any CPU
		{70DB586B-0A86-49B0-AF5A-3B54508DDD95}.Debug|Any CPU.Build.0 = Debug|Any CPU
		{70DB586B-0A86-49B0-AF5A-3B54508DDD95}.Release|Any CPU.ActiveCfg = Release|Any CPU
		{70DB586B-0A86-49B0-AF5A-3B54508DDD95}.Release|Any CPU.Build.0 = Release|Any CPU
	EndGlobalSection
	GlobalSection(SolutionProperties) = preSolution
		HideSolutionNode = FALSE
	EndGlobalSection
	GlobalSection(ExtensibilityGlobals) = postSolution
		SolutionGuid = {3717BD1E-8297-47A9-BD4F-BF5ECFF75BB3}
	EndGlobalSection
EndGlobal
