
Microsoft Visual Studio Solution File, Format Version 12.00
# Visual Studio Version 16
VisualStudioVersion = 16.0.32630.194
MinimumVisualStudioVersion = 10.0.40219.1
Project("{FAE04EC0-301F-11D3-BF4B-00C04F79EFBC}") = "Even and Odd Subtraction", "Even and Odd Subtraction\Even and Odd Subtraction.csproj", "{6CB63853-43C5-4F4D-848F-7B4E29615054}"
EndProject
Global
	GlobalSection(SolutionConfigurationPlatforms) = preSolution
		Debug|Any CPU = Debug|Any CPU
		Release|Any CPU = Release|Any CPU
	EndGlobalSection
	GlobalSection(ProjectConfigurationPlatforms) = postSolution
		{6CB63853-43C5-4F4D-848F-7B4E29615054}.Debug|Any CPU.ActiveCfg = Debug|Any CPU
		{6CB63853-43C5-4F4D-848F-7B4E29615054}.Debug|Any CPU.Build.0 = Debug|Any CPU
		{6CB63853-43C5-4F4D-848F-7B4E29615054}.Release|Any CPU.ActiveCfg = Release|Any CPU
		{6CB63853-43C5-4F4D-848F-7B4E29615054}.Release|Any CPU.Build.0 = Release|Any CPU
	EndGlobalSection
	GlobalSection(SolutionProperties) = preSolution
		HideSolutionNode = FALSE
	EndGlobalSection
	GlobalSection(ExtensibilityGlobals) = postSolution
		SolutionGuid = {19A040D1-BE28-4CF0-9F25-2D0220303654}
	EndGlobalSection
EndGlobal
