
Microsoft Visual Studio Solution File, Format Version 12.00
# Visual Studio Version 16
VisualStudioVersion = 16.0.31727.386
MinimumVisualStudioVersion = 10.0.40219.1
Project("{FAE04EC0-301F-11D3-BF4B-00C04F79EFBC}") = "pokaji i skrii", "pokaji i skrii\pokaji i skrii.csproj", "{A76FBF30-0C0B-43DF-91DD-317E672B826C}"
EndProject
Global
	GlobalSection(SolutionConfigurationPlatforms) = preSolution
		Debug|Any CPU = Debug|Any CPU
		Release|Any CPU = Release|Any CPU
	EndGlobalSection
	GlobalSection(ProjectConfigurationPlatforms) = postSolution
		{A76FBF30-0C0B-43DF-91DD-317E672B826C}.Debug|Any CPU.ActiveCfg = Debug|Any CPU
		{A76FBF30-0C0B-43DF-91DD-317E672B826C}.Debug|Any CPU.Build.0 = Debug|Any CPU
		{A76FBF30-0C0B-43DF-91DD-317E672B826C}.Release|Any CPU.ActiveCfg = Release|Any CPU
		{A76FBF30-0C0B-43DF-91DD-317E672B826C}.Release|Any CPU.Build.0 = Release|Any CPU
	EndGlobalSection
	GlobalSection(SolutionProperties) = preSolution
		HideSolutionNode = FALSE
	EndGlobalSection
	GlobalSection(ExtensibilityGlobals) = postSolution
		SolutionGuid = {04289033-5DD2-44EE-8506-B2B8B04E7CA7}
	EndGlobalSection
EndGlobal
