
Microsoft Visual Studio Solution File, Format Version 12.00
# Visual Studio Version 16
VisualStudioVersion = 16.0.32630.194
MinimumVisualStudioVersion = 10.0.40219.1
Project("{FAE04EC0-301F-11D3-BF4B-00C04F79EFBC}") = "asd", "asd\asd.csproj", "{4DA6684E-0E38-425D-9DF2-F46093D2B2E6}"
EndProject
Global
	GlobalSection(SolutionConfigurationPlatforms) = preSolution
		Debug|Any CPU = Debug|Any CPU
		Release|Any CPU = Release|Any CPU
	EndGlobalSection
	GlobalSection(ProjectConfigurationPlatforms) = postSolution
		{4DA6684E-0E38-425D-9DF2-F46093D2B2E6}.Debug|Any CPU.ActiveCfg = Debug|Any CPU
		{4DA6684E-0E38-425D-9DF2-F46093D2B2E6}.Debug|Any CPU.Build.0 = Debug|Any CPU
		{4DA6684E-0E38-425D-9DF2-F46093D2B2E6}.Release|Any CPU.ActiveCfg = Release|Any CPU
		{4DA6684E-0E38-425D-9DF2-F46093D2B2E6}.Release|Any CPU.Build.0 = Release|Any CPU
	EndGlobalSection
	GlobalSection(SolutionProperties) = preSolution
		HideSolutionNode = FALSE
	EndGlobalSection
	GlobalSection(ExtensibilityGlobals) = postSolution
		SolutionGuid = {F63FFBE9-3446-4616-A460-0221C2C50D8D}
	EndGlobalSection
EndGlobal
