
Microsoft Visual Studio Solution File, Format Version 12.00
# Visual Studio Version 16
VisualStudioVersion = 16.0.32630.194
MinimumVisualStudioVersion = 10.0.40219.1
Project("{FAE04EC0-301F-11D3-BF4B-00C04F79EFBC}") = "Chars to String", "Chars to String\Chars to String.csproj", "{0F3BCA54-D0F0-4DE9-9BAA-ED4A7CDB4127}"
EndProject
Global
	GlobalSection(SolutionConfigurationPlatforms) = preSolution
		Debug|Any CPU = Debug|Any CPU
		Release|Any CPU = Release|Any CPU
	EndGlobalSection
	GlobalSection(ProjectConfigurationPlatforms) = postSolution
		{0F3BCA54-D0F0-4DE9-9BAA-ED4A7CDB4127}.Debug|Any CPU.ActiveCfg = Debug|Any CPU
		{0F3BCA54-D0F0-4DE9-9BAA-ED4A7CDB4127}.Debug|Any CPU.Build.0 = Debug|Any CPU
		{0F3BCA54-D0F0-4DE9-9BAA-ED4A7CDB4127}.Release|Any CPU.ActiveCfg = Release|Any CPU
		{0F3BCA54-D0F0-4DE9-9BAA-ED4A7CDB4127}.Release|Any CPU.Build.0 = Release|Any CPU
	EndGlobalSection
	GlobalSection(SolutionProperties) = preSolution
		HideSolutionNode = FALSE
	EndGlobalSection
	GlobalSection(ExtensibilityGlobals) = postSolution
		SolutionGuid = {1D4C6B2D-9C14-4FC4-9E03-42999C0D58E8}
	EndGlobalSection
EndGlobal
