
Microsoft Visual Studio Solution File, Format Version 12.00
# Visual Studio Version 16
VisualStudioVersion = 16.0.32630.194
MinimumVisualStudioVersion = 10.0.40219.1
Project("{FAE04EC0-301F-11D3-BF4B-00C04F79EFBC}") = "Reversed array of strings", "Reversed array of strings\Reversed array of strings.csproj", "{10D3E6DC-CA44-41F7-BE5D-520321B8FC7C}"
EndProject
Global
	GlobalSection(SolutionConfigurationPlatforms) = preSolution
		Debug|Any CPU = Debug|Any CPU
		Release|Any CPU = Release|Any CPU
	EndGlobalSection
	GlobalSection(ProjectConfigurationPlatforms) = postSolution
		{10D3E6DC-CA44-41F7-BE5D-520321B8FC7C}.Debug|Any CPU.ActiveCfg = Debug|Any CPU
		{10D3E6DC-CA44-41F7-BE5D-520321B8FC7C}.Debug|Any CPU.Build.0 = Debug|Any CPU
		{10D3E6DC-CA44-41F7-BE5D-520321B8FC7C}.Release|Any CPU.ActiveCfg = Release|Any CPU
		{10D3E6DC-CA44-41F7-BE5D-520321B8FC7C}.Release|Any CPU.Build.0 = Release|Any CPU
	EndGlobalSection
	GlobalSection(SolutionProperties) = preSolution
		HideSolutionNode = FALSE
	EndGlobalSection
	GlobalSection(ExtensibilityGlobals) = postSolution
		SolutionGuid = {A6BE959D-A297-4F3F-B690-540104AF564D}
	EndGlobalSection
EndGlobal
