
Microsoft Visual Studio Solution File, Format Version 12.00
# Visual Studio Version 16
VisualStudioVersion = 16.0.32630.194
MinimumVisualStudioVersion = 10.0.40219.1
Project("{FAE04EC0-301F-11D3-BF4B-00C04F79EFBC}") = "Concat Names", "Concat Names\Concat Names.csproj", "{AE4A91C1-2E65-4194-9C15-9850AB2D76D1}"
EndProject
Global
	GlobalSection(SolutionConfigurationPlatforms) = preSolution
		Debug|Any CPU = Debug|Any CPU
		Release|Any CPU = Release|Any CPU
	EndGlobalSection
	GlobalSection(ProjectConfigurationPlatforms) = postSolution
		{AE4A91C1-2E65-4194-9C15-9850AB2D76D1}.Debug|Any CPU.ActiveCfg = Debug|Any CPU
		{AE4A91C1-2E65-4194-9C15-9850AB2D76D1}.Debug|Any CPU.Build.0 = Debug|Any CPU
		{AE4A91C1-2E65-4194-9C15-9850AB2D76D1}.Release|Any CPU.ActiveCfg = Release|Any CPU
		{AE4A91C1-2E65-4194-9C15-9850AB2D76D1}.Release|Any CPU.Build.0 = Release|Any CPU
	EndGlobalSection
	GlobalSection(SolutionProperties) = preSolution
		HideSolutionNode = FALSE
	EndGlobalSection
	GlobalSection(ExtensibilityGlobals) = postSolution
		SolutionGuid = {75EB41FE-5FAF-4FFC-9FEB-95594B26E974}
	EndGlobalSection
EndGlobal
