
Microsoft Visual Studio Solution File, Format Version 12.00
# Visual Studio Version 16
VisualStudioVersion = 16.0.32630.194
MinimumVisualStudioVersion = 10.0.40219.1
Project("{FAE04EC0-301F-11D3-BF4B-00C04F79EFBC}") = "Triples Letters", "Triples Letters\Triples Letters.csproj", "{F15780AA-78EB-4644-B543-F53DB863BB08}"
EndProject
Global
	GlobalSection(SolutionConfigurationPlatforms) = preSolution
		Debug|Any CPU = Debug|Any CPU
		Release|Any CPU = Release|Any CPU
	EndGlobalSection
	GlobalSection(ProjectConfigurationPlatforms) = postSolution
		{F15780AA-78EB-4644-B543-F53DB863BB08}.Debug|Any CPU.ActiveCfg = Debug|Any CPU
		{F15780AA-78EB-4644-B543-F53DB863BB08}.Debug|Any CPU.Build.0 = Debug|Any CPU
		{F15780AA-78EB-4644-B543-F53DB863BB08}.Release|Any CPU.ActiveCfg = Release|Any CPU
		{F15780AA-78EB-4644-B543-F53DB863BB08}.Release|Any CPU.Build.0 = Release|Any CPU
	EndGlobalSection
	GlobalSection(SolutionProperties) = preSolution
		HideSolutionNode = FALSE
	EndGlobalSection
	GlobalSection(ExtensibilityGlobals) = postSolution
		SolutionGuid = {8B14FF98-AD87-47D5-A02B-B7C0289EA5BF}
	EndGlobalSection
EndGlobal
