
Microsoft Visual Studio Solution File, Format Version 12.00
# Visual Studio Version 16
VisualStudioVersion = 16.0.32630.194
MinimumVisualStudioVersion = 10.0.40219.1
Project("{FAE04EC0-301F-11D3-BF4B-00C04F79EFBC}") = "int Operations", "int Operations\int Operations.csproj", "{763AE4F5-1979-40FB-B8A1-B50BB2E8016A}"
EndProject
Global
	GlobalSection(SolutionConfigurationPlatforms) = preSolution
		Debug|Any CPU = Debug|Any CPU
		Release|Any CPU = Release|Any CPU
	EndGlobalSection
	GlobalSection(ProjectConfigurationPlatforms) = postSolution
		{763AE4F5-1979-40FB-B8A1-B50BB2E8016A}.Debug|Any CPU.ActiveCfg = Debug|Any CPU
		{763AE4F5-1979-40FB-B8A1-B50BB2E8016A}.Debug|Any CPU.Build.0 = Debug|Any CPU
		{763AE4F5-1979-40FB-B8A1-B50BB2E8016A}.Release|Any CPU.ActiveCfg = Release|Any CPU
		{763AE4F5-1979-40FB-B8A1-B50BB2E8016A}.Release|Any CPU.Build.0 = Release|Any CPU
	EndGlobalSection
	GlobalSection(SolutionProperties) = preSolution
		HideSolutionNode = FALSE
	EndGlobalSection
	GlobalSection(ExtensibilityGlobals) = postSolution
		SolutionGuid = {C07419C7-AD68-45DF-BF8B-B8CE8F934200}
	EndGlobalSection
EndGlobal
