
Microsoft Visual Studio Solution File, Format Version 12.00
# Visual Studio Version 16
VisualStudioVersion = 16.0.31727.386
MinimumVisualStudioVersion = 10.0.40219.1
Project("{FAE04EC0-301F-11D3-BF4B-00C04F79EFBC}") = "PB d4 ex2", "PB d4 ex2\PB d4 ex2.csproj", "{E461BFBB-D007-44BF-9302-155257DACC68}"
EndProject
Global
	GlobalSection(SolutionConfigurationPlatforms) = preSolution
		Debug|Any CPU = Debug|Any CPU
		Release|Any CPU = Release|Any CPU
	EndGlobalSection
	GlobalSection(ProjectConfigurationPlatforms) = postSolution
		{E461BFBB-D007-44BF-9302-155257DACC68}.Debug|Any CPU.ActiveCfg = Debug|Any CPU
		{E461BFBB-D007-44BF-9302-155257DACC68}.Debug|Any CPU.Build.0 = Debug|Any CPU
		{E461BFBB-D007-44BF-9302-155257DACC68}.Release|Any CPU.ActiveCfg = Release|Any CPU
		{E461BFBB-D007-44BF-9302-155257DACC68}.Release|Any CPU.Build.0 = Release|Any CPU
	EndGlobalSection
	GlobalSection(SolutionProperties) = preSolution
		HideSolutionNode = FALSE
	EndGlobalSection
	GlobalSection(ExtensibilityGlobals) = postSolution
		SolutionGuid = {C6AC2A79-A6B2-439C-813F-C02306334323}
	EndGlobalSection
EndGlobal
