
Microsoft Visual Studio Solution File, Format Version 12.00
# Visual Studio Version 16
VisualStudioVersion = 16.0.31727.386
MinimumVisualStudioVersion = 10.0.40219.1
Project("{FAE04EC0-301F-11D3-BF4B-00C04F79EFBC}") = "test zad3", "test zad3\test zad3.csproj", "{0056ADFC-1A50-41B9-A2DF-17FF03BB8B75}"
EndProject
Global
	GlobalSection(SolutionConfigurationPlatforms) = preSolution
		Debug|Any CPU = Debug|Any CPU
		Release|Any CPU = Release|Any CPU
	EndGlobalSection
	GlobalSection(ProjectConfigurationPlatforms) = postSolution
		{0056ADFC-1A50-41B9-A2DF-17FF03BB8B75}.Debug|Any CPU.ActiveCfg = Debug|Any CPU
		{0056ADFC-1A50-41B9-A2DF-17FF03BB8B75}.Debug|Any CPU.Build.0 = Debug|Any CPU
		{0056ADFC-1A50-41B9-A2DF-17FF03BB8B75}.Release|Any CPU.ActiveCfg = Release|Any CPU
		{0056ADFC-1A50-41B9-A2DF-17FF03BB8B75}.Release|Any CPU.Build.0 = Release|Any CPU
	EndGlobalSection
	GlobalSection(SolutionProperties) = preSolution
		HideSolutionNode = FALSE
	EndGlobalSection
	GlobalSection(ExtensibilityGlobals) = postSolution
		SolutionGuid = {6AE89AFE-0626-41CB-8A04-90287CCC8B40}
	EndGlobalSection
EndGlobal
