
Microsoft Visual Studio Solution File, Format Version 12.00
# Visual Studio Version 16
VisualStudioVersion = 16.0.31727.386
MinimumVisualStudioVersion = 10.0.40219.1
Project("{FAE04EC0-301F-11D3-BF4B-00C04F79EFBC}") = "test", "test\test.csproj", "{F16ACA90-F2BE-4BA0-99D9-750AC7CF186D}"
EndProject
Global
	GlobalSection(SolutionConfigurationPlatforms) = preSolution
		Debug|Any CPU = Debug|Any CPU
		Release|Any CPU = Release|Any CPU
	EndGlobalSection
	GlobalSection(ProjectConfigurationPlatforms) = postSolution
		{F16ACA90-F2BE-4BA0-99D9-750AC7CF186D}.Debug|Any CPU.ActiveCfg = Debug|Any CPU
		{F16ACA90-F2BE-4BA0-99D9-750AC7CF186D}.Debug|Any CPU.Build.0 = Debug|Any CPU
		{F16ACA90-F2BE-4BA0-99D9-750AC7CF186D}.Release|Any CPU.ActiveCfg = Release|Any CPU
		{F16ACA90-F2BE-4BA0-99D9-750AC7CF186D}.Release|Any CPU.Build.0 = Release|Any CPU
	EndGlobalSection
	GlobalSection(SolutionProperties) = preSolution
		HideSolutionNode = FALSE
	EndGlobalSection
	GlobalSection(ExtensibilityGlobals) = postSolution
		SolutionGuid = {66CD52FF-F8D9-4B0E-BEE6-9254134E0FC5}
	EndGlobalSection
EndGlobal
