
Microsoft Visual Studio Solution File, Format Version 12.00
# Visual Studio Version 16
VisualStudioVersion = 16.0.31727.386
MinimumVisualStudioVersion = 10.0.40219.1
Project("{FAE04EC0-301F-11D3-BF4B-00C04F79EFBC}") = "softuni nested condit", "softuni nested condit\softuni nested condit.csproj", "{06C1FE7F-9FB6-4CF6-B94E-6CDAC623DC5A}"
EndProject
Global
	GlobalSection(SolutionConfigurationPlatforms) = preSolution
		Debug|Any CPU = Debug|Any CPU
		Release|Any CPU = Release|Any CPU
	EndGlobalSection
	GlobalSection(ProjectConfigurationPlatforms) = postSolution
		{06C1FE7F-9FB6-4CF6-B94E-6CDAC623DC5A}.Debug|Any CPU.ActiveCfg = Debug|Any CPU
		{06C1FE7F-9FB6-4CF6-B94E-6CDAC623DC5A}.Debug|Any CPU.Build.0 = Debug|Any CPU
		{06C1FE7F-9FB6-4CF6-B94E-6CDAC623DC5A}.Release|Any CPU.ActiveCfg = Release|Any CPU
		{06C1FE7F-9FB6-4CF6-B94E-6CDAC623DC5A}.Release|Any CPU.Build.0 = Release|Any CPU
	EndGlobalSection
	GlobalSection(SolutionProperties) = preSolution
		HideSolutionNode = FALSE
	EndGlobalSection
	GlobalSection(ExtensibilityGlobals) = postSolution
		SolutionGuid = {8F1F7540-67AB-45AE-A4AF-8F3F050AEF5A}
	EndGlobalSection
EndGlobal
