
Microsoft Visual Studio Solution File, Format Version 12.00
# Visual Studio Version 16
VisualStudioVersion = 16.0.31727.386
MinimumVisualStudioVersion = 10.0.40219.1
Project("{FAE04EC0-301F-11D3-BF4B-00C04F79EFBC}") = "PB d3 ex2", "PB d3 ex2\PB d3 ex2.csproj", "{EF2C382F-AF02-4F5D-8440-FEE0FACF6AF0}"
EndProject
Global
	GlobalSection(SolutionConfigurationPlatforms) = preSolution
		Debug|Any CPU = Debug|Any CPU
		Release|Any CPU = Release|Any CPU
	EndGlobalSection
	GlobalSection(ProjectConfigurationPlatforms) = postSolution
		{EF2C382F-AF02-4F5D-8440-FEE0FACF6AF0}.Debug|Any CPU.ActiveCfg = Debug|Any CPU
		{EF2C382F-AF02-4F5D-8440-FEE0FACF6AF0}.Debug|Any CPU.Build.0 = Debug|Any CPU
		{EF2C382F-AF02-4F5D-8440-FEE0FACF6AF0}.Release|Any CPU.ActiveCfg = Release|Any CPU
		{EF2C382F-AF02-4F5D-8440-FEE0FACF6AF0}.Release|Any CPU.Build.0 = Release|Any CPU
	EndGlobalSection
	GlobalSection(SolutionProperties) = preSolution
		HideSolutionNode = FALSE
	EndGlobalSection
	GlobalSection(ExtensibilityGlobals) = postSolution
		SolutionGuid = {5F3A01E6-4924-4481-9D42-E583B9CF5305}
	EndGlobalSection
EndGlobal
