
Microsoft Visual Studio Solution File, Format Version 12.00
# Visual Studio Version 16
VisualStudioVersion = 16.0.31727.386
MinimumVisualStudioVersion = 10.0.40219.1
Project("{FAE04EC0-301F-11D3-BF4B-00C04F79EFBC}") = "PB d8 ex1", "PB d8 ex1\PB d8 ex1.csproj", "{558AB658-C81D-4124-9461-7289DC005C4B}"
EndProject
Global
	GlobalSection(SolutionConfigurationPlatforms) = preSolution
		Debug|Any CPU = Debug|Any CPU
		Release|Any CPU = Release|Any CPU
	EndGlobalSection
	GlobalSection(ProjectConfigurationPlatforms) = postSolution
		{558AB658-C81D-4124-9461-7289DC005C4B}.Debug|Any CPU.ActiveCfg = Debug|Any CPU
		{558AB658-C81D-4124-9461-7289DC005C4B}.Debug|Any CPU.Build.0 = Debug|Any CPU
		{558AB658-C81D-4124-9461-7289DC005C4B}.Release|Any CPU.ActiveCfg = Release|Any CPU
		{558AB658-C81D-4124-9461-7289DC005C4B}.Release|Any CPU.Build.0 = Release|Any CPU
	EndGlobalSection
	GlobalSection(SolutionProperties) = preSolution
		HideSolutionNode = FALSE
	EndGlobalSection
	GlobalSection(ExtensibilityGlobals) = postSolution
		SolutionGuid = {022B3319-4290-4B9E-B720-F4BB1E49ADD8}
	EndGlobalSection
EndGlobal
