
Microsoft Visual Studio Solution File, Format Version 12.00
# Visual Studio Version 16
VisualStudioVersion = 16.0.32630.194
MinimumVisualStudioVersion = 10.0.40219.1
Project("{FAE04EC0-301F-11D3-BF4B-00C04F79EFBC}") = "Months Printer", "Months Printer\Months Printer.csproj", "{179DB2CB-575B-4919-8A79-C992EADC9E7A}"
EndProject
Global
	GlobalSection(SolutionConfigurationPlatforms) = preSolution
		Debug|Any CPU = Debug|Any CPU
		Release|Any CPU = Release|Any CPU
	EndGlobalSection
	GlobalSection(ProjectConfigurationPlatforms) = postSolution
		{179DB2CB-575B-4919-8A79-C992EADC9E7A}.Debug|Any CPU.ActiveCfg = Debug|Any CPU
		{179DB2CB-575B-4919-8A79-C992EADC9E7A}.Debug|Any CPU.Build.0 = Debug|Any CPU
		{179DB2CB-575B-4919-8A79-C992EADC9E7A}.Release|Any CPU.ActiveCfg = Release|Any CPU
		{179DB2CB-575B-4919-8A79-C992EADC9E7A}.Release|Any CPU.Build.0 = Release|Any CPU
	EndGlobalSection
	GlobalSection(SolutionProperties) = preSolution
		HideSolutionNode = FALSE
	EndGlobalSection
	GlobalSection(ExtensibilityGlobals) = postSolution
		SolutionGuid = {71B9FC8A-E29B-4D3F-A29B-906C4CE164EA}
	EndGlobalSection
EndGlobal
