
Microsoft Visual Studio Solution File, Format Version 12.00
# Visual Studio Version 16
VisualStudioVersion = 16.0.31727.386
MinimumVisualStudioVersion = 10.0.40219.1
Project("{FAE04EC0-301F-11D3-BF4B-00C04F79EFBC}") = "list3", "list3\list3.csproj", "{4DB15E09-4706-4058-9D26-4DF83C654E79}"
EndProject
Global
	GlobalSection(SolutionConfigurationPlatforms) = preSolution
		Debug|Any CPU = Debug|Any CPU
		Release|Any CPU = Release|Any CPU
	EndGlobalSection
	GlobalSection(ProjectConfigurationPlatforms) = postSolution
		{4DB15E09-4706-4058-9D26-4DF83C654E79}.Debug|Any CPU.ActiveCfg = Debug|Any CPU
		{4DB15E09-4706-4058-9D26-4DF83C654E79}.Debug|Any CPU.Build.0 = Debug|Any CPU
		{4DB15E09-4706-4058-9D26-4DF83C654E79}.Release|Any CPU.ActiveCfg = Release|Any CPU
		{4DB15E09-4706-4058-9D26-4DF83C654E79}.Release|Any CPU.Build.0 = Release|Any CPU
	EndGlobalSection
	GlobalSection(SolutionProperties) = preSolution
		HideSolutionNode = FALSE
	EndGlobalSection
	GlobalSection(ExtensibilityGlobals) = postSolution
		SolutionGuid = {A38EF44C-9E4B-455B-AEF2-0449A2073579}
	EndGlobalSection
EndGlobal
