
Microsoft Visual Studio Solution File, Format Version 12.00
# Visual Studio Version 16
VisualStudioVersion = 16.0.32630.194
MinimumVisualStudioVersion = 10.0.40219.1
Project("{FAE04EC0-301F-11D3-BF4B-00C04F79EFBC}") = "Left to Right", "Left to Right\Left to Right.csproj", "{753F4BD3-0497-498A-AE74-040D62C74624}"
EndProject
Global
	GlobalSection(SolutionConfigurationPlatforms) = preSolution
		Debug|Any CPU = Debug|Any CPU
		Release|Any CPU = Release|Any CPU
	EndGlobalSection
	GlobalSection(ProjectConfigurationPlatforms) = postSolution
		{753F4BD3-0497-498A-AE74-040D62C74624}.Debug|Any CPU.ActiveCfg = Debug|Any CPU
		{753F4BD3-0497-498A-AE74-040D62C74624}.Debug|Any CPU.Build.0 = Debug|Any CPU
		{753F4BD3-0497-498A-AE74-040D62C74624}.Release|Any CPU.ActiveCfg = Release|Any CPU
		{753F4BD3-0497-498A-AE74-040D62C74624}.Release|Any CPU.Build.0 = Release|Any CPU
	EndGlobalSection
	GlobalSection(SolutionProperties) = preSolution
		HideSolutionNode = FALSE
	EndGlobalSection
	GlobalSection(ExtensibilityGlobals) = postSolution
		SolutionGuid = {27807984-6F7E-4E1B-9C5C-E8304E85D4F9}
	EndGlobalSection
EndGlobal
