
Microsoft Visual Studio Solution File, Format Version 12.00
# Visual Studio Version 16
VisualStudioVersion = 16.0.32630.194
MinimumVisualStudioVersion = 10.0.40219.1
Project("{FAE04EC0-301F-11D3-BF4B-00C04F79EFBC}") = "Meters to Kilometers", "Meters to Kilometers\Meters to Kilometers.csproj", "{BCC433AF-2CE6-49D1-A6BA-D0F39C60648D}"
EndProject
Global
	GlobalSection(SolutionConfigurationPlatforms) = preSolution
		Debug|Any CPU = Debug|Any CPU
		Release|Any CPU = Release|Any CPU
	EndGlobalSection
	GlobalSection(ProjectConfigurationPlatforms) = postSolution
		{BCC433AF-2CE6-49D1-A6BA-D0F39C60648D}.Debug|Any CPU.ActiveCfg = Debug|Any CPU
		{BCC433AF-2CE6-49D1-A6BA-D0F39C60648D}.Debug|Any CPU.Build.0 = Debug|Any CPU
		{BCC433AF-2CE6-49D1-A6BA-D0F39C60648D}.Release|Any CPU.ActiveCfg = Release|Any CPU
		{BCC433AF-2CE6-49D1-A6BA-D0F39C60648D}.Release|Any CPU.Build.0 = Release|Any CPU
	EndGlobalSection
	GlobalSection(SolutionProperties) = preSolution
		HideSolutionNode = FALSE
	EndGlobalSection
	GlobalSection(ExtensibilityGlobals) = postSolution
		SolutionGuid = {02B7FD56-A36A-4D7A-A91D-44B63F185086}
	EndGlobalSection
EndGlobal
